
Microsoft Visual Studio Solution File, Format Version 12.00
# Visual Studio 14
VisualStudioVersion = 14.0.25420.1
MinimumVisualStudioVersion = 10.0.40219.1
Project("{2150E333-8FDC-42A3-9474-1A3956D46DE8}") = "Engine", "Engine", "{75C4B4ED-649A-454D-9FDB-F7B1479245FA}"
EndProject
Project("{2150E333-8FDC-42A3-9474-1A3956D46DE8}") = "Games", "Games", "{D35D61F1-4D33-4712-A4EE-F1825469F674}"
EndProject
Project("{8BC9CEB8-8B4A-11D0-8D11-00A0C91BC942}") = "UE4", "Intermediate\ProjectFiles\UE4.vcxproj", "{7EC82CD9-AC55-4469-B886-AE233B585FDD}"
EndProject
Project("{8BC9CEB8-8B4A-11D0-8D11-00A0C91BC942}") = "BattleTanks", "Intermediate\ProjectFiles\BattleTanks.vcxproj", "{1AF3B75D-E349-459E-A24F-08AC24270378}"
EndProject
Global
	GlobalSection(SolutionConfigurationPlatforms) = preSolution
		DebugGame Editor|HTML5 = DebugGame Editor|HTML5
		DebugGame Editor|IOS = DebugGame Editor|IOS
		DebugGame Editor|Win32 = DebugGame Editor|Win32
		DebugGame Editor|Win64 = DebugGame Editor|Win64
		DebugGame|HTML5 = DebugGame|HTML5
		DebugGame|IOS = DebugGame|IOS
		DebugGame|Win32 = DebugGame|Win32
		DebugGame|Win64 = DebugGame|Win64
		Development Editor|HTML5 = Development Editor|HTML5
		Development Editor|IOS = Development Editor|IOS
		Development Editor|Win32 = Development Editor|Win32
		Development Editor|Win64 = Development Editor|Win64
		Development|HTML5 = Development|HTML5
		Development|IOS = Development|IOS
		Development|Win32 = Development|Win32
		Development|Win64 = Development|Win64
		Shipping|HTML5 = Shipping|HTML5
		Shipping|IOS = Shipping|IOS
		Shipping|Win32 = Shipping|Win32
		Shipping|Win64 = Shipping|Win64
	EndGlobalSection
	GlobalSection(ProjectConfigurationPlatforms) = postSolution
		{7EC82CD9-AC55-4469-B886-AE233B585FDD}.DebugGame Editor|HTML5.ActiveCfg = BuiltWithUnrealBuildTool|Win32
		{7EC82CD9-AC55-4469-B886-AE233B585FDD}.DebugGame Editor|HTML5.Build.0 = BuiltWithUnrealBuildTool|Win32
		{7EC82CD9-AC55-4469-B886-AE233B585FDD}.DebugGame Editor|IOS.ActiveCfg = BuiltWithUnrealBuildTool|Win32
		{7EC82CD9-AC55-4469-B886-AE233B585FDD}.DebugGame Editor|IOS.Build.0 = BuiltWithUnrealBuildTool|Win32
		{7EC82CD9-AC55-4469-B886-AE233B585FDD}.DebugGame Editor|Win32.ActiveCfg = BuiltWithUnrealBuildTool|Win32
		{7EC82CD9-AC55-4469-B886-AE233B585FDD}.DebugGame Editor|Win32.Build.0 = BuiltWithUnrealBuildTool|Win32
		{7EC82CD9-AC55-4469-B886-AE233B585FDD}.DebugGame Editor|Win64.ActiveCfg = BuiltWithUnrealBuildTool|Win32
		{7EC82CD9-AC55-4469-B886-AE233B585FDD}.DebugGame Editor|Win64.Build.0 = BuiltWithUnrealBuildTool|Win32
		{7EC82CD9-AC55-4469-B886-AE233B585FDD}.DebugGame|HTML5.ActiveCfg = BuiltWithUnrealBuildTool|Win32
		{7EC82CD9-AC55-4469-B886-AE233B585FDD}.DebugGame|HTML5.Build.0 = BuiltWithUnrealBuildTool|Win32
		{7EC82CD9-AC55-4469-B886-AE233B585FDD}.DebugGame|IOS.ActiveCfg = BuiltWithUnrealBuildTool|Win32
		{7EC82CD9-AC55-4469-B886-AE233B585FDD}.DebugGame|IOS.Build.0 = BuiltWithUnrealBuildTool|Win32
		{7EC82CD9-AC55-4469-B886-AE233B585FDD}.DebugGame|Win32.ActiveCfg = BuiltWithUnrealBuildTool|Win32
		{7EC82CD9-AC55-4469-B886-AE233B585FDD}.DebugGame|Win32.Build.0 = BuiltWithUnrealBuildTool|Win32
		{7EC82CD9-AC55-4469-B886-AE233B585FDD}.DebugGame|Win64.ActiveCfg = BuiltWithUnrealBuildTool|Win32
		{7EC82CD9-AC55-4469-B886-AE233B585FDD}.DebugGame|Win64.Build.0 = BuiltWithUnrealBuildTool|Win32
		{7EC82CD9-AC55-4469-B886-AE233B585FDD}.Development Editor|HTML5.ActiveCfg = BuiltWithUnrealBuildTool|Win32
		{7EC82CD9-AC55-4469-B886-AE233B585FDD}.Development Editor|HTML5.Build.0 = BuiltWithUnrealBuildTool|Win32
		{7EC82CD9-AC55-4469-B886-AE233B585FDD}.Development Editor|IOS.ActiveCfg = BuiltWithUnrealBuildTool|Win32
		{7EC82CD9-AC55-4469-B886-AE233B585FDD}.Development Editor|IOS.Build.0 = BuiltWithUnrealBuildTool|Win32
		{7EC82CD9-AC55-4469-B886-AE233B585FDD}.Development Editor|Win32.ActiveCfg = BuiltWithUnrealBuildTool|Win32
		{7EC82CD9-AC55-4469-B886-AE233B585FDD}.Development Editor|Win32.Build.0 = BuiltWithUnrealBuildTool|Win32
		{7EC82CD9-AC55-4469-B886-AE233B585FDD}.Development Editor|Win64.ActiveCfg = BuiltWithUnrealBuildTool|Win32
		{7EC82CD9-AC55-4469-B886-AE233B585FDD}.Development Editor|Win64.Build.0 = BuiltWithUnrealBuildTool|Win32
		{7EC82CD9-AC55-4469-B886-AE233B585FDD}.Development|HTML5.ActiveCfg = BuiltWithUnrealBuildTool|Win32
		{7EC82CD9-AC55-4469-B886-AE233B585FDD}.Development|HTML5.Build.0 = BuiltWithUnrealBuildTool|Win32
		{7EC82CD9-AC55-4469-B886-AE233B585FDD}.Development|IOS.ActiveCfg = BuiltWithUnrealBuildTool|Win32
		{7EC82CD9-AC55-4469-B886-AE233B585FDD}.Development|IOS.Build.0 = BuiltWithUnrealBuildTool|Win32
		{7EC82CD9-AC55-4469-B886-AE233B585FDD}.Development|Win32.ActiveCfg = BuiltWithUnrealBuildTool|Win32
		{7EC82CD9-AC55-4469-B886-AE233B585FDD}.Development|Win32.Build.0 = BuiltWithUnrealBuildTool|Win32
		{7EC82CD9-AC55-4469-B886-AE233B585FDD}.Development|Win64.ActiveCfg = BuiltWithUnrealBuildTool|Win32
		{7EC82CD9-AC55-4469-B886-AE233B585FDD}.Development|Win64.Build.0 = BuiltWithUnrealBuildTool|Win32
		{7EC82CD9-AC55-4469-B886-AE233B585FDD}.Shipping|HTML5.ActiveCfg = BuiltWithUnrealBuildTool|Win32
		{7EC82CD9-AC55-4469-B886-AE233B585FDD}.Shipping|HTML5.Build.0 = BuiltWithUnrealBuildTool|Win32
		{7EC82CD9-AC55-4469-B886-AE233B585FDD}.Shipping|IOS.ActiveCfg = BuiltWithUnrealBuildTool|Win32
		{7EC82CD9-AC55-4469-B886-AE233B585FDD}.Shipping|IOS.Build.0 = BuiltWithUnrealBuildTool|Win32
		{7EC82CD9-AC55-4469-B886-AE233B585FDD}.Shipping|Win32.ActiveCfg = BuiltWithUnrealBuildTool|Win32
		{7EC82CD9-AC55-4469-B886-AE233B585FDD}.Shipping|Win32.Build.0 = BuiltWithUnrealBuildTool|Win32
		{7EC82CD9-AC55-4469-B886-AE233B585FDD}.Shipping|Win64.ActiveCfg = BuiltWithUnrealBuildTool|Win32
		{7EC82CD9-AC55-4469-B886-AE233B585FDD}.Shipping|Win64.Build.0 = BuiltWithUnrealBuildTool|Win32
		{1AF3B75D-E349-459E-A24F-08AC24270378}.DebugGame Editor|HTML5.ActiveCfg = HTML5_DebugGame_Editor|Win32
		{1AF3B75D-E349-459E-A24F-08AC24270378}.DebugGame Editor|IOS.ActiveCfg = IOS_DebugGame_Editor|Win32
		{1AF3B75D-E349-459E-A24F-08AC24270378}.DebugGame Editor|Win32.ActiveCfg = DebugGame_Editor|Win32
		{1AF3B75D-E349-459E-A24F-08AC24270378}.DebugGame Editor|Win64.ActiveCfg = DebugGame_Editor|x64
		{1AF3B75D-E349-459E-A24F-08AC24270378}.DebugGame Editor|Win64.Build.0 = DebugGame_Editor|x64
		{1AF3B75D-E349-459E-A24F-08AC24270378}.DebugGame|HTML5.ActiveCfg = HTML5_DebugGame_Game|Win32
		{1AF3B75D-E349-459E-A24F-08AC24270378}.DebugGame|HTML5.Build.0 = HTML5_DebugGame_Game|Win32
		{1AF3B75D-E349-459E-A24F-08AC24270378}.DebugGame|IOS.ActiveCfg = IOS_DebugGame_Game|Win32
		{1AF3B75D-E349-459E-A24F-08AC24270378}.DebugGame|IOS.Build.0 = IOS_DebugGame_Game|Win32
		{1AF3B75D-E349-459E-A24F-08AC24270378}.DebugGame|Win32.ActiveCfg = DebugGame_Game|Win32
		{1AF3B75D-E349-459E-A24F-08AC24270378}.DebugGame|Win32.Build.0 = DebugGame_Game|Win32
		{1AF3B75D-E349-459E-A24F-08AC24270378}.DebugGame|Win64.ActiveCfg = DebugGame_Game|x64
		{1AF3B75D-E349-459E-A24F-08AC24270378}.DebugGame|Win64.Build.0 = DebugGame_Game|x64
		{1AF3B75D-E349-459E-A24F-08AC24270378}.Development Editor|HTML5.ActiveCfg = HTML5_Development_Editor|Win32
		{1AF3B75D-E349-459E-A24F-08AC24270378}.Development Editor|IOS.ActiveCfg = IOS_Development_Editor|Win32
		{1AF3B75D-E349-459E-A24F-08AC24270378}.Development Editor|Win32.ActiveCfg = Development_Editor|Win32
		{1AF3B75D-E349-459E-A24F-08AC24270378}.Development Editor|Win64.ActiveCfg = Development_Editor|x64
		{1AF3B75D-E349-459E-A24F-08AC24270378}.Development Editor|Win64.Build.0 = Development_Editor|x64
		{1AF3B75D-E349-459E-A24F-08AC24270378}.Development|HTML5.ActiveCfg = HTML5_Development_Game|Win32
		{1AF3B75D-E349-459E-A24F-08AC24270378}.Development|HTML5.Build.0 = HTML5_Development_Game|Win32
		{1AF3B75D-E349-459E-A24F-08AC24270378}.Development|IOS.ActiveCfg = IOS_Development_Game|Win32
		{1AF3B75D-E349-459E-A24F-08AC24270378}.Development|IOS.Build.0 = IOS_Development_Game|Win32
		{1AF3B75D-E349-459E-A24F-08AC24270378}.Development|Win32.ActiveCfg = Development_Game|Win32
		{1AF3B75D-E349-459E-A24F-08AC24270378}.Development|Win32.Build.0 = Development_Game|Win32
		{1AF3B75D-E349-459E-A24F-08AC24270378}.Development|Win64.ActiveCfg = Development_Game|x64
		{1AF3B75D-E349-459E-A24F-08AC24270378}.Development|Win64.Build.0 = Development_Game|x64
		{1AF3B75D-E349-459E-A24F-08AC24270378}.Shipping|HTML5.ActiveCfg = HTML5_Shipping_Game|Win32
		{1AF3B75D-E349-459E-A24F-08AC24270378}.Shipping|HTML5.Build.0 = HTML5_Shipping_Game|Win32
		{1AF3B75D-E349-459E-A24F-08AC24270378}.Shipping|IOS.ActiveCfg = IOS_Shipping_Game|Win32
		{1AF3B75D-E349-459E-A24F-08AC24270378}.Shipping|IOS.Build.0 = IOS_Shipping_Game|Win32
		{1AF3B75D-E349-459E-A24F-08AC24270378}.Shipping|Win32.ActiveCfg = Shipping_Game|Win32
		{1AF3B75D-E349-459E-A24F-08AC24270378}.Shipping|Win32.Build.0 = Shipping_Game|Win32
		{1AF3B75D-E349-459E-A24F-08AC24270378}.Shipping|Win64.ActiveCfg = Shipping_Game|x64
		{1AF3B75D-E349-459E-A24F-08AC24270378}.Shipping|Win64.Build.0 = Shipping_Game|x64
	EndGlobalSection
	GlobalSection(SolutionProperties) = preSolution
		HideSolutionNode = FALSE
	EndGlobalSection
	GlobalSection(NestedProjects) = preSolution
		{7EC82CD9-AC55-4469-B886-AE233B585FDD} = {75C4B4ED-649A-454D-9FDB-F7B1479245FA}
		{1AF3B75D-E349-459E-A24F-08AC24270378} = {D35D61F1-4D33-4712-A4EE-F1825469F674}
	EndGlobalSection
EndGlobal
